
Microsoft Visual Studio Solution File, Format Version 12.00
# Visual Studio 15
VisualStudioVersion = 15.0.26430.16
MinimumVisualStudioVersion = 10.0.40219.1
Project("{FAE04EC0-301F-11D3-BF4B-00C04F79EFBC}") = "Jdenticon.Tests", "Tests\Jdenticon.Tests\Jdenticon.Tests.csproj", "{CDF729BC-F32A-4190-8F72-8C8438216DA1}"
EndProject
Project("{2150E333-8FDC-42A3-9474-1A3956D46DE8}") = "Targets", "Targets", "{F780E026-BA07-4769-9BE1-7E9CC9FA4B8B}"
EndProject
Project("{D954291E-2A0B-460D-934E-DC6B0785DB48}") = "Jdenticon", "Core\Jdenticon\Jdenticon.shproj", "{A3807953-1974-4F93-891B-6D1E0EFE7A27}"
EndProject
Project("{FAE04EC0-301F-11D3-BF4B-00C04F79EFBC}") = "Jdenticon.Net40", "Targets\Jdenticon.Net40\Jdenticon.Net40.csproj", "{0D43650A-F62D-44C2-9CA2-EBF93DCCAED6}"
EndProject
Project("{FAE04EC0-301F-11D3-BF4B-00C04F79EFBC}") = "Jdenticon.Net45", "Targets\Jdenticon.Net45\Jdenticon.Net45.csproj", "{0B04331D-7C41-4312-8032-C7ECB447F051}"
EndProject
Project("{2150E333-8FDC-42A3-9474-1A3956D46DE8}") = "Extensions", "Extensions", "{CD5F2665-2F1C-438B-A8EC-5A967516B2C9}"
EndProject
Project("{2150E333-8FDC-42A3-9474-1A3956D46DE8}") = "Tests", "Tests", "{9EA7C673-BDAA-4A31-9B71-2632703A21EB}"
EndProject
Project("{D954291E-2A0B-460D-934E-DC6B0785DB48}") = "Jdenticon.Gdi", "Extensions\Jdenticon.Gdi\Jdenticon.Gdi.shproj", "{891A1F69-047B-4125-96EA-44A5945AEDB5}"
EndProject
Project("{D954291E-2A0B-460D-934E-DC6B0785DB48}") = "Jdenticon.Wpf", "Extensions\Jdenticon.Wpf\Jdenticon.Wpf.shproj", "{A35AB996-73CB-4B80-B85E-DE531147C476}"
EndProject
Project("{FAE04EC0-301F-11D3-BF4B-00C04F79EFBC}") = "Jdenticon.Gdi.Net40", "Targets\Jdenticon.Gdi.Net40\Jdenticon.Gdi.Net40.csproj", "{172BE500-E675-4491-8169-6CEC51409B34}"
EndProject
Project("{FAE04EC0-301F-11D3-BF4B-00C04F79EFBC}") = "Jdenticon.Gdi.Net45", "Targets\Jdenticon.Gdi.Net45\Jdenticon.Gdi.Net45.csproj", "{6B54783A-AAD1-4F6C-B77A-4D37B233D7E2}"
EndProject
Project("{FAE04EC0-301F-11D3-BF4B-00C04F79EFBC}") = "Jdenticon.Wpf.Net40", "Targets\Jdenticon.Wpf.Net40\Jdenticon.Wpf.Net40.csproj", "{90E670EB-1A82-44D9-BC76-336CAB3B555A}"
EndProject
Project("{FAE04EC0-301F-11D3-BF4B-00C04F79EFBC}") = "Jdenticon.Wpf.Net45", "Targets\Jdenticon.Wpf.Net45\Jdenticon.Wpf.Net45.csproj", "{B38298AA-ACEF-423C-8091-9FC2509DBFCB}"
EndProject
Project("{FAE04EC0-301F-11D3-BF4B-00C04F79EFBC}") = "Jdenticon.AspNet.Mvc.Net40", "Targets\Jdenticon.AspNet.Mvc.Net40\Jdenticon.AspNet.Mvc.Net40.csproj", "{925D23FD-EF96-460D-9585-80AA08CD5BEE}"
EndProject
Project("{FAE04EC0-301F-11D3-BF4B-00C04F79EFBC}") = "Jdenticon.AspNet.Mvc.Net45", "Targets\Jdenticon.AspNet.Mvc.Net45\Jdenticon.AspNet.Mvc.Net45.csproj", "{631529FA-2C0A-4792-B2BD-F273FB80E610}"
EndProject
Project("{FAE04EC0-301F-11D3-BF4B-00C04F79EFBC}") = "Jdenticon.AspNet.WebForms.Net40", "Targets\Jdenticon.AspNet.WebForms.Net40\Jdenticon.AspNet.WebForms.Net40.csproj", "{18390B98-D7A0-4DED-B808-B59EF0452919}"
EndProject
Project("{FAE04EC0-301F-11D3-BF4B-00C04F79EFBC}") = "Jdenticon.AspNet.WebForms.Net45", "Targets\Jdenticon.AspNet.WebForms.Net45\Jdenticon.AspNet.WebForms.Net45.csproj", "{1C7AF3BD-BA4B-4EC9-8443-86D726AAF8DF}"
EndProject
Project("{9A19103F-16F7-4668-BE54-9A1E7A4F7556}") = "Jdenticon.NetStandard13", "Targets\Jdenticon.NetStandard13\Jdenticon.NetStandard13.csproj", "{D2E2F878-98C3-4138-B177-F6287AF83909}"
EndProject
Project("{9A19103F-16F7-4668-BE54-9A1E7A4F7556}") = "Jdenticon.NetStandard10", "Targets\Jdenticon.NetStandard10\Jdenticon.NetStandard10.csproj", "{887BF1AB-E9D3-4A07-BFAF-7BCEA2A4294E}"
EndProject
Project("{FAE04EC0-301F-11D3-BF4B-00C04F79EFBC}") = "Jdenticon.Net20", "Targets\Jdenticon.Net20\Jdenticon.Net20.csproj", "{376DF6D0-72B0-441E-A265-60574A314BB0}"
EndProject
Project("{FAE04EC0-301F-11D3-BF4B-00C04F79EFBC}") = "Jdenticon.Net35", "Targets\Jdenticon.Net35\Jdenticon.Net35.csproj", "{0CA14689-3236-4159-8180-1BC0A30DFA8A}"
EndProject
Project("{2150E333-8FDC-42A3-9474-1A3956D46DE8}") = "Core", "Core", "{4DE9AC20-F167-4B0E-8B0C-534042D26004}"
	ProjectSection(SolutionItems) = preProject
		Core\Defines.txt = Core\Defines.txt
	EndProjectSection
EndProject
Project("{FAE04EC0-301F-11D3-BF4B-00C04F79EFBC}") = "Jdenticon.Package", "Targets\Jdenticon.Package\Jdenticon.Package.csproj", "{0BCADE58-DD80-4ABB-A193-499ABE5DF34F}"
	ProjectSection(ProjectDependencies) = postProject
		{172BE500-E675-4491-8169-6CEC51409B34} = {172BE500-E675-4491-8169-6CEC51409B34}
		{0D43650A-F62D-44C2-9CA2-EBF93DCCAED6} = {0D43650A-F62D-44C2-9CA2-EBF93DCCAED6}
		{0B04331D-7C41-4312-8032-C7ECB447F051} = {0B04331D-7C41-4312-8032-C7ECB447F051}
		{6B54783A-AAD1-4F6C-B77A-4D37B233D7E2} = {6B54783A-AAD1-4F6C-B77A-4D37B233D7E2}
		{51D5BB3D-498D-4A3D-8D92-305BE6737C97} = {51D5BB3D-498D-4A3D-8D92-305BE6737C97}
		{94AA035B-D967-4ED8-A499-989F0F7FE1C6} = {94AA035B-D967-4ED8-A499-989F0F7FE1C6}
		{D2E2F878-98C3-4138-B177-F6287AF83909} = {D2E2F878-98C3-4138-B177-F6287AF83909}
		{0CA14689-3236-4159-8180-1BC0A30DFA8A} = {0CA14689-3236-4159-8180-1BC0A30DFA8A}
		{18390B98-D7A0-4DED-B808-B59EF0452919} = {18390B98-D7A0-4DED-B808-B59EF0452919}
		{B38298AA-ACEF-423C-8091-9FC2509DBFCB} = {B38298AA-ACEF-423C-8091-9FC2509DBFCB}
		{887BF1AB-E9D3-4A07-BFAF-7BCEA2A4294E} = {887BF1AB-E9D3-4A07-BFAF-7BCEA2A4294E}
		{1C7AF3BD-BA4B-4EC9-8443-86D726AAF8DF} = {1C7AF3BD-BA4B-4EC9-8443-86D726AAF8DF}
		{376DF6D0-72B0-441E-A265-60574A314BB0} = {376DF6D0-72B0-441E-A265-60574A314BB0}
		{503810E3-323C-4FCA-8F6B-39196C6DC70B} = {503810E3-323C-4FCA-8F6B-39196C6DC70B}
		{E140D1EA-288C-41D5-B5D5-95852AF80C25} = {E140D1EA-288C-41D5-B5D5-95852AF80C25}
		{90E670EB-1A82-44D9-BC76-336CAB3B555A} = {90E670EB-1A82-44D9-BC76-336CAB3B555A}
		{631529FA-2C0A-4792-B2BD-F273FB80E610} = {631529FA-2C0A-4792-B2BD-F273FB80E610}
		{925D23FD-EF96-460D-9585-80AA08CD5BEE} = {925D23FD-EF96-460D-9585-80AA08CD5BEE}
	EndProjectSection
EndProject
Project("{2150E333-8FDC-42A3-9474-1A3956D46DE8}") = "Samples", "Samples", "{282CBC54-5EFF-443F-8CF8-AD8A688576BD}"
EndProject
Project("{FAE04EC0-301F-11D3-BF4B-00C04F79EFBC}") = "WpfSample", "Samples\WpfSample\WpfSample.csproj", "{D773759D-23D4-4CD1-A8C1-82926EA111E1}"
EndProject
Project("{FAE04EC0-301F-11D3-BF4B-00C04F79EFBC}") = "Benchmark", "Samples\Benchmark\Benchmark.csproj", "{6ED3C257-DB41-4641-A849-07E0EAB4AEBE}"
EndProject
Project("{D954291E-2A0B-460D-934E-DC6B0785DB48}") = "Jdenticon.AspNet.WebForms", "Extensions\Jdenticon.AspNet.WebForms\Jdenticon.AspNet.WebForms.shproj", "{3AE16DDB-0ECB-4C73-9F8F-373274D82D3E}"
EndProject
Project("{FAE04EC0-301F-11D3-BF4B-00C04F79EFBC}") = "Jdenticon.AspNet.WebForms.Sample", "Samples\Jdenticon.AspNet.WebForms.Sample\Jdenticon.AspNet.WebForms.Sample.csproj", "{52C87DE8-C9AE-40D7-A6C9-DABB4A02B8F3}"
EndProject
Project("{FAE04EC0-301F-11D3-BF4B-00C04F79EFBC}") = "Jdenticon.AspNet.Mvc.Sample", "Samples\Jdenticon.AspNet.Mvc.Sample\Jdenticon.AspNet.Mvc.Sample.csproj", "{DAEAF999-BDDC-41C4-A8A5-895F05A5D82E}"
EndProject
Project("{D954291E-2A0B-460D-934E-DC6B0785DB48}") = "Jdenticon.AspNet.Mvc", "Extensions\Jdenticon.AspNet.Mvc\Jdenticon.AspNet.Mvc.shproj", "{CBC73B22-177F-4C0A-87BB-E16E7FDEF1B5}"
EndProject
Project("{D954291E-2A0B-460D-934E-DC6B0785DB48}") = "Jdenticon.AspNet.WebApi", "Extensions\Jdenticon.AspNet.WebApi\Jdenticon.AspNet.WebApi.shproj", "{5666EE2A-CACC-48B2-9249-82658985D3E9}"
EndProject
Project("{FAE04EC0-301F-11D3-BF4B-00C04F79EFBC}") = "Jdenticon.AspNet.WebApi.Net45", "Targets\Jdenticon.AspNet.WebApi.Net45\Jdenticon.AspNet.WebApi.Net45.csproj", "{51D5BB3D-498D-4A3D-8D92-305BE6737C97}"
EndProject
Project("{D954291E-2A0B-460D-934E-DC6B0785DB48}") = "AssemblyInfo", "Core\AssemblyInfo\AssemblyInfo.shproj", "{19700CFA-A478-4402-9F31-20B780AC5D26}"
EndProject
Project("{FAE04EC0-301F-11D3-BF4B-00C04F79EFBC}") = "Jdenticon.Doc", "Targets\Jdenticon.Doc\Jdenticon.Doc.csproj", "{503810E3-323C-4FCA-8F6B-39196C6DC70B}"
EndProject
Project("{FAE04EC0-301F-11D3-BF4B-00C04F79EFBC}") = "Jdenticon.VisualTests", "Tests\Jdenticon.VisualTests\Jdenticon.VisualTests.csproj", "{AABD0907-3D03-4D96-98CF-02D779E9237B}"
EndProject
Project("{FAE04EC0-301F-11D3-BF4B-00C04F79EFBC}") = "Jdenticon.SourceIndex", "Targets\Jdenticon.SourceIndex\Jdenticon.SourceIndex.csproj", "{99AF8B33-2E00-41D9-AFDA-74D73004BEE8}"
	ProjectSection(ProjectDependencies) = postProject
		{503810E3-323C-4FCA-8F6B-39196C6DC70B} = {503810E3-323C-4FCA-8F6B-39196C6DC70B}
	EndProjectSection
EndProject
Project("{9A19103F-16F7-4668-BE54-9A1E7A4F7556}") = "Jdenticon.NetStandard20", "Targets\Jdenticon.NetStandard20\Jdenticon.NetStandard20.csproj", "{94AA035B-D967-4ED8-A499-989F0F7FE1C6}"
EndProject
Project("{9A19103F-16F7-4668-BE54-9A1E7A4F7556}") = "Jdenticon.Gdi.NetStandard20", "Targets\Jdenticon.Gdi.NetStandard20\Jdenticon.Gdi.NetStandard20.csproj", "{E140D1EA-288C-41D5-B5D5-95852AF80C25}"
EndProject
Global
	GlobalSection(SharedMSBuildProjectFiles) = preSolution
		Core\AssemblyInfo\AssemblyInfo.projitems*{0b04331d-7c41-4312-8032-c7ecb447f051}*SharedItemsImports = 4
		Core\Jdenticon\Jdenticon.projitems*{0b04331d-7c41-4312-8032-c7ecb447f051}*SharedItemsImports = 4
		Core\AssemblyInfo\AssemblyInfo.projitems*{0bcade58-dd80-4abb-a193-499abe5df34f}*SharedItemsImports = 4
		Core\AssemblyInfo\AssemblyInfo.projitems*{0ca14689-3236-4159-8180-1bc0a30dfa8a}*SharedItemsImports = 4
		Core\Jdenticon\Jdenticon.projitems*{0ca14689-3236-4159-8180-1bc0a30dfa8a}*SharedItemsImports = 4
		Core\AssemblyInfo\AssemblyInfo.projitems*{0d43650a-f62d-44c2-9ca2-ebf93dccaed6}*SharedItemsImports = 4
		Core\Jdenticon\Jdenticon.projitems*{0d43650a-f62d-44c2-9ca2-ebf93dccaed6}*SharedItemsImports = 4
		Core\AssemblyInfo\AssemblyInfo.projitems*{172be500-e675-4491-8169-6cec51409b34}*SharedItemsImports = 4
		Extensions\Jdenticon.Gdi\Jdenticon.Gdi.projitems*{172be500-e675-4491-8169-6cec51409b34}*SharedItemsImports = 4
		Core\AssemblyInfo\AssemblyInfo.projitems*{18390b98-d7a0-4ded-b808-b59ef0452919}*SharedItemsImports = 4
		Extensions\Jdenticon.AspNet.WebForms\Jdenticon.AspNet.WebForms.projitems*{18390b98-d7a0-4ded-b808-b59ef0452919}*SharedItemsImports = 4
		Core\AssemblyInfo\AssemblyInfo.projitems*{19700cfa-a478-4402-9f31-20b780ac5d26}*SharedItemsImports = 13
		Core\AssemblyInfo\AssemblyInfo.projitems*{1c7af3bd-ba4b-4ec9-8443-86d726aaf8df}*SharedItemsImports = 4
		Extensions\Jdenticon.AspNet.WebForms\Jdenticon.AspNet.WebForms.projitems*{1c7af3bd-ba4b-4ec9-8443-86d726aaf8df}*SharedItemsImports = 4
		Core\AssemblyInfo\AssemblyInfo.projitems*{376df6d0-72b0-441e-a265-60574a314bb0}*SharedItemsImports = 4
		Core\Jdenticon\Jdenticon.projitems*{376df6d0-72b0-441e-a265-60574a314bb0}*SharedItemsImports = 4
		Extensions\Jdenticon.AspNet.WebForms\Jdenticon.AspNet.WebForms.projitems*{3ae16ddb-0ecb-4c73-9f8f-373274d82d3e}*SharedItemsImports = 13
		Core\AssemblyInfo\AssemblyInfo.projitems*{51d5bb3d-498d-4a3d-8d92-305be6737c97}*SharedItemsImports = 4
		Extensions\Jdenticon.AspNet.WebApi\Jdenticon.AspNet.WebApi.projitems*{51d5bb3d-498d-4a3d-8d92-305be6737c97}*SharedItemsImports = 4
		Extensions\Jdenticon.AspNet.WebApi\Jdenticon.AspNet.WebApi.projitems*{5666ee2a-cacc-48b2-9249-82658985d3e9}*SharedItemsImports = 13
		Core\AssemblyInfo\AssemblyInfo.projitems*{631529fa-2c0a-4792-b2bd-f273fb80e610}*SharedItemsImports = 4
		Extensions\Jdenticon.AspNet.Mvc\Jdenticon.AspNet.Mvc.projitems*{631529fa-2c0a-4792-b2bd-f273fb80e610}*SharedItemsImports = 4
		Core\AssemblyInfo\AssemblyInfo.projitems*{6b54783a-aad1-4f6c-b77a-4d37b233d7e2}*SharedItemsImports = 4
		Extensions\Jdenticon.Gdi\Jdenticon.Gdi.projitems*{6b54783a-aad1-4f6c-b77a-4d37b233d7e2}*SharedItemsImports = 4
		Extensions\Jdenticon.Gdi\Jdenticon.Gdi.projitems*{891a1f69-047b-4125-96ea-44a5945aedb5}*SharedItemsImports = 13
		Core\AssemblyInfo\AssemblyInfo.projitems*{90e670eb-1a82-44d9-bc76-336cab3b555a}*SharedItemsImports = 4
		Extensions\Jdenticon.Wpf\Jdenticon.Wpf.projitems*{90e670eb-1a82-44d9-bc76-336cab3b555a}*SharedItemsImports = 4
		Core\AssemblyInfo\AssemblyInfo.projitems*{925d23fd-ef96-460d-9585-80aa08cd5bee}*SharedItemsImports = 4
		Extensions\Jdenticon.AspNet.Mvc\Jdenticon.AspNet.Mvc.projitems*{925d23fd-ef96-460d-9585-80aa08cd5bee}*SharedItemsImports = 4
		Core\AssemblyInfo\AssemblyInfo.projitems*{99af8b33-2e00-41d9-afda-74d73004bee8}*SharedItemsImports = 4
		Extensions\Jdenticon.Wpf\Jdenticon.Wpf.projitems*{a35ab996-73cb-4b80-b85e-de531147c476}*SharedItemsImports = 13
		Core\Jdenticon\Jdenticon.projitems*{a3807953-1974-4f93-891b-6d1e0efe7a27}*SharedItemsImports = 13
		Core\Jdenticon\Jdenticon.projitems*{aabd0907-3d03-4d96-98cf-02d779e9237b}*SharedItemsImports = 4
		Core\AssemblyInfo\AssemblyInfo.projitems*{b38298aa-acef-423c-8091-9fc2509dbfcb}*SharedItemsImports = 4
		Extensions\Jdenticon.Wpf\Jdenticon.Wpf.projitems*{b38298aa-acef-423c-8091-9fc2509dbfcb}*SharedItemsImports = 4
		Extensions\Jdenticon.AspNet.Mvc\Jdenticon.AspNet.Mvc.projitems*{cbc73b22-177f-4c0a-87bb-e16e7fdef1b5}*SharedItemsImports = 13
	EndGlobalSection
	GlobalSection(SolutionConfigurationPlatforms) = preSolution
		Debug|Any CPU = Debug|Any CPU
		Debug|x64 = Debug|x64
		Debug|x86 = Debug|x86
		Release|Any CPU = Release|Any CPU
		Release|x64 = Release|x64
		Release|x86 = Release|x86
		VSTS|Any CPU = VSTS|Any CPU
		VSTS|x64 = VSTS|x64
		VSTS|x86 = VSTS|x86
	EndGlobalSection
	GlobalSection(ProjectConfigurationPlatforms) = postSolution
		{CDF729BC-F32A-4190-8F72-8C8438216DA1}.Debug|Any CPU.ActiveCfg = Debug|Any CPU
		{CDF729BC-F32A-4190-8F72-8C8438216DA1}.Debug|Any CPU.Build.0 = Debug|Any CPU
		{CDF729BC-F32A-4190-8F72-8C8438216DA1}.Debug|x64.ActiveCfg = Debug|Any CPU
		{CDF729BC-F32A-4190-8F72-8C8438216DA1}.Debug|x64.Build.0 = Debug|Any CPU
		{CDF729BC-F32A-4190-8F72-8C8438216DA1}.Debug|x86.ActiveCfg = Debug|Any CPU
		{CDF729BC-F32A-4190-8F72-8C8438216DA1}.Debug|x86.Build.0 = Debug|Any CPU
		{CDF729BC-F32A-4190-8F72-8C8438216DA1}.Release|Any CPU.ActiveCfg = Release|Any CPU
		{CDF729BC-F32A-4190-8F72-8C8438216DA1}.Release|Any CPU.Build.0 = Release|Any CPU
		{CDF729BC-F32A-4190-8F72-8C8438216DA1}.Release|x64.ActiveCfg = Release|Any CPU
		{CDF729BC-F32A-4190-8F72-8C8438216DA1}.Release|x64.Build.0 = Release|Any CPU
		{CDF729BC-F32A-4190-8F72-8C8438216DA1}.Release|x86.ActiveCfg = Release|Any CPU
		{CDF729BC-F32A-4190-8F72-8C8438216DA1}.Release|x86.Build.0 = Release|Any CPU
		{CDF729BC-F32A-4190-8F72-8C8438216DA1}.VSTS|Any CPU.ActiveCfg = Release|Any CPU
		{CDF729BC-F32A-4190-8F72-8C8438216DA1}.VSTS|Any CPU.Build.0 = Release|Any CPU
		{CDF729BC-F32A-4190-8F72-8C8438216DA1}.VSTS|x64.ActiveCfg = Release|Any CPU
		{CDF729BC-F32A-4190-8F72-8C8438216DA1}.VSTS|x64.Build.0 = Release|Any CPU
		{CDF729BC-F32A-4190-8F72-8C8438216DA1}.VSTS|x86.ActiveCfg = Release|Any CPU
		{CDF729BC-F32A-4190-8F72-8C8438216DA1}.VSTS|x86.Build.0 = Release|Any CPU
		{0D43650A-F62D-44C2-9CA2-EBF93DCCAED6}.Debug|Any CPU.ActiveCfg = Debug|Any CPU
		{0D43650A-F62D-44C2-9CA2-EBF93DCCAED6}.Debug|Any CPU.Build.0 = Debug|Any CPU
		{0D43650A-F62D-44C2-9CA2-EBF93DCCAED6}.Debug|x64.ActiveCfg = Debug|Any CPU
		{0D43650A-F62D-44C2-9CA2-EBF93DCCAED6}.Debug|x64.Build.0 = Debug|Any CPU
		{0D43650A-F62D-44C2-9CA2-EBF93DCCAED6}.Debug|x86.ActiveCfg = Debug|Any CPU
		{0D43650A-F62D-44C2-9CA2-EBF93DCCAED6}.Debug|x86.Build.0 = Debug|Any CPU
		{0D43650A-F62D-44C2-9CA2-EBF93DCCAED6}.Release|Any CPU.ActiveCfg = Release|Any CPU
		{0D43650A-F62D-44C2-9CA2-EBF93DCCAED6}.Release|Any CPU.Build.0 = Release|Any CPU
		{0D43650A-F62D-44C2-9CA2-EBF93DCCAED6}.Release|x64.ActiveCfg = Release|Any CPU
		{0D43650A-F62D-44C2-9CA2-EBF93DCCAED6}.Release|x64.Build.0 = Release|Any CPU
		{0D43650A-F62D-44C2-9CA2-EBF93DCCAED6}.Release|x86.ActiveCfg = Release|Any CPU
		{0D43650A-F62D-44C2-9CA2-EBF93DCCAED6}.Release|x86.Build.0 = Release|Any CPU
		{0D43650A-F62D-44C2-9CA2-EBF93DCCAED6}.VSTS|Any CPU.ActiveCfg = Release|Any CPU
		{0D43650A-F62D-44C2-9CA2-EBF93DCCAED6}.VSTS|Any CPU.Build.0 = Release|Any CPU
		{0D43650A-F62D-44C2-9CA2-EBF93DCCAED6}.VSTS|x64.ActiveCfg = Release|Any CPU
		{0D43650A-F62D-44C2-9CA2-EBF93DCCAED6}.VSTS|x64.Build.0 = Release|Any CPU
		{0D43650A-F62D-44C2-9CA2-EBF93DCCAED6}.VSTS|x86.ActiveCfg = Release|Any CPU
		{0D43650A-F62D-44C2-9CA2-EBF93DCCAED6}.VSTS|x86.Build.0 = Release|Any CPU
		{0B04331D-7C41-4312-8032-C7ECB447F051}.Debug|Any CPU.ActiveCfg = Debug|Any CPU
		{0B04331D-7C41-4312-8032-C7ECB447F051}.Debug|Any CPU.Build.0 = Debug|Any CPU
		{0B04331D-7C41-4312-8032-C7ECB447F051}.Debug|x64.ActiveCfg = Debug|Any CPU
		{0B04331D-7C41-4312-8032-C7ECB447F051}.Debug|x64.Build.0 = Debug|Any CPU
		{0B04331D-7C41-4312-8032-C7ECB447F051}.Debug|x86.ActiveCfg = Debug|Any CPU
		{0B04331D-7C41-4312-8032-C7ECB447F051}.Debug|x86.Build.0 = Debug|Any CPU
		{0B04331D-7C41-4312-8032-C7ECB447F051}.Release|Any CPU.ActiveCfg = Release|Any CPU
		{0B04331D-7C41-4312-8032-C7ECB447F051}.Release|Any CPU.Build.0 = Release|Any CPU
		{0B04331D-7C41-4312-8032-C7ECB447F051}.Release|x64.ActiveCfg = Release|Any CPU
		{0B04331D-7C41-4312-8032-C7ECB447F051}.Release|x64.Build.0 = Release|Any CPU
		{0B04331D-7C41-4312-8032-C7ECB447F051}.Release|x86.ActiveCfg = Release|Any CPU
		{0B04331D-7C41-4312-8032-C7ECB447F051}.Release|x86.Build.0 = Release|Any CPU
		{0B04331D-7C41-4312-8032-C7ECB447F051}.VSTS|Any CPU.ActiveCfg = Release|Any CPU
		{0B04331D-7C41-4312-8032-C7ECB447F051}.VSTS|Any CPU.Build.0 = Release|Any CPU
		{0B04331D-7C41-4312-8032-C7ECB447F051}.VSTS|x64.ActiveCfg = Release|Any CPU
		{0B04331D-7C41-4312-8032-C7ECB447F051}.VSTS|x64.Build.0 = Release|Any CPU
		{0B04331D-7C41-4312-8032-C7ECB447F051}.VSTS|x86.ActiveCfg = Release|Any CPU
		{0B04331D-7C41-4312-8032-C7ECB447F051}.VSTS|x86.Build.0 = Release|Any CPU
		{172BE500-E675-4491-8169-6CEC51409B34}.Debug|Any CPU.ActiveCfg = Debug|Any CPU
		{172BE500-E675-4491-8169-6CEC51409B34}.Debug|Any CPU.Build.0 = Debug|Any CPU
		{172BE500-E675-4491-8169-6CEC51409B34}.Debug|x64.ActiveCfg = Debug|Any CPU
		{172BE500-E675-4491-8169-6CEC51409B34}.Debug|x64.Build.0 = Debug|Any CPU
		{172BE500-E675-4491-8169-6CEC51409B34}.Debug|x86.ActiveCfg = Debug|Any CPU
		{172BE500-E675-4491-8169-6CEC51409B34}.Debug|x86.Build.0 = Debug|Any CPU
		{172BE500-E675-4491-8169-6CEC51409B34}.Release|Any CPU.ActiveCfg = Release|Any CPU
		{172BE500-E675-4491-8169-6CEC51409B34}.Release|Any CPU.Build.0 = Release|Any CPU
		{172BE500-E675-4491-8169-6CEC51409B34}.Release|x64.ActiveCfg = Release|Any CPU
		{172BE500-E675-4491-8169-6CEC51409B34}.Release|x64.Build.0 = Release|Any CPU
		{172BE500-E675-4491-8169-6CEC51409B34}.Release|x86.ActiveCfg = Release|Any CPU
		{172BE500-E675-4491-8169-6CEC51409B34}.Release|x86.Build.0 = Release|Any CPU
		{172BE500-E675-4491-8169-6CEC51409B34}.VSTS|Any CPU.ActiveCfg = Release|Any CPU
		{172BE500-E675-4491-8169-6CEC51409B34}.VSTS|Any CPU.Build.0 = Release|Any CPU
		{172BE500-E675-4491-8169-6CEC51409B34}.VSTS|x64.ActiveCfg = Release|Any CPU
		{172BE500-E675-4491-8169-6CEC51409B34}.VSTS|x64.Build.0 = Release|Any CPU
		{172BE500-E675-4491-8169-6CEC51409B34}.VSTS|x86.ActiveCfg = Release|Any CPU
		{172BE500-E675-4491-8169-6CEC51409B34}.VSTS|x86.Build.0 = Release|Any CPU
		{6B54783A-AAD1-4F6C-B77A-4D37B233D7E2}.Debug|Any CPU.ActiveCfg = Debug|Any CPU
		{6B54783A-AAD1-4F6C-B77A-4D37B233D7E2}.Debug|Any CPU.Build.0 = Debug|Any CPU
		{6B54783A-AAD1-4F6C-B77A-4D37B233D7E2}.Debug|x64.ActiveCfg = Debug|Any CPU
		{6B54783A-AAD1-4F6C-B77A-4D37B233D7E2}.Debug|x64.Build.0 = Debug|Any CPU
		{6B54783A-AAD1-4F6C-B77A-4D37B233D7E2}.Debug|x86.ActiveCfg = Debug|Any CPU
		{6B54783A-AAD1-4F6C-B77A-4D37B233D7E2}.Debug|x86.Build.0 = Debug|Any CPU
		{6B54783A-AAD1-4F6C-B77A-4D37B233D7E2}.Release|Any CPU.ActiveCfg = Release|Any CPU
		{6B54783A-AAD1-4F6C-B77A-4D37B233D7E2}.Release|Any CPU.Build.0 = Release|Any CPU
		{6B54783A-AAD1-4F6C-B77A-4D37B233D7E2}.Release|x64.ActiveCfg = Release|Any CPU
		{6B54783A-AAD1-4F6C-B77A-4D37B233D7E2}.Release|x64.Build.0 = Release|Any CPU
		{6B54783A-AAD1-4F6C-B77A-4D37B233D7E2}.Release|x86.ActiveCfg = Release|Any CPU
		{6B54783A-AAD1-4F6C-B77A-4D37B233D7E2}.Release|x86.Build.0 = Release|Any CPU
		{6B54783A-AAD1-4F6C-B77A-4D37B233D7E2}.VSTS|Any CPU.ActiveCfg = Release|Any CPU
		{6B54783A-AAD1-4F6C-B77A-4D37B233D7E2}.VSTS|Any CPU.Build.0 = Release|Any CPU
		{6B54783A-AAD1-4F6C-B77A-4D37B233D7E2}.VSTS|x64.ActiveCfg = Release|Any CPU
		{6B54783A-AAD1-4F6C-B77A-4D37B233D7E2}.VSTS|x64.Build.0 = Release|Any CPU
		{6B54783A-AAD1-4F6C-B77A-4D37B233D7E2}.VSTS|x86.ActiveCfg = Release|Any CPU
		{6B54783A-AAD1-4F6C-B77A-4D37B233D7E2}.VSTS|x86.Build.0 = Release|Any CPU
		{90E670EB-1A82-44D9-BC76-336CAB3B555A}.Debug|Any CPU.ActiveCfg = Debug|Any CPU
		{90E670EB-1A82-44D9-BC76-336CAB3B555A}.Debug|Any CPU.Build.0 = Debug|Any CPU
		{90E670EB-1A82-44D9-BC76-336CAB3B555A}.Debug|x64.ActiveCfg = Debug|Any CPU
		{90E670EB-1A82-44D9-BC76-336CAB3B555A}.Debug|x64.Build.0 = Debug|Any CPU
		{90E670EB-1A82-44D9-BC76-336CAB3B555A}.Debug|x86.ActiveCfg = Debug|Any CPU
		{90E670EB-1A82-44D9-BC76-336CAB3B555A}.Debug|x86.Build.0 = Debug|Any CPU
		{90E670EB-1A82-44D9-BC76-336CAB3B555A}.Release|Any CPU.ActiveCfg = Release|Any CPU
		{90E670EB-1A82-44D9-BC76-336CAB3B555A}.Release|Any CPU.Build.0 = Release|Any CPU
		{90E670EB-1A82-44D9-BC76-336CAB3B555A}.Release|x64.ActiveCfg = Release|Any CPU
		{90E670EB-1A82-44D9-BC76-336CAB3B555A}.Release|x64.Build.0 = Release|Any CPU
		{90E670EB-1A82-44D9-BC76-336CAB3B555A}.Release|x86.ActiveCfg = Release|Any CPU
		{90E670EB-1A82-44D9-BC76-336CAB3B555A}.Release|x86.Build.0 = Release|Any CPU
		{90E670EB-1A82-44D9-BC76-336CAB3B555A}.VSTS|Any CPU.ActiveCfg = Release|Any CPU
		{90E670EB-1A82-44D9-BC76-336CAB3B555A}.VSTS|x64.ActiveCfg = Release|Any CPU
		{90E670EB-1A82-44D9-BC76-336CAB3B555A}.VSTS|x64.Build.0 = Release|Any CPU
		{90E670EB-1A82-44D9-BC76-336CAB3B555A}.VSTS|x86.ActiveCfg = Release|Any CPU
		{90E670EB-1A82-44D9-BC76-336CAB3B555A}.VSTS|x86.Build.0 = Release|Any CPU
		{B38298AA-ACEF-423C-8091-9FC2509DBFCB}.Debug|Any CPU.ActiveCfg = Debug|Any CPU
		{B38298AA-ACEF-423C-8091-9FC2509DBFCB}.Debug|Any CPU.Build.0 = Debug|Any CPU
		{B38298AA-ACEF-423C-8091-9FC2509DBFCB}.Debug|x64.ActiveCfg = Debug|Any CPU
		{B38298AA-ACEF-423C-8091-9FC2509DBFCB}.Debug|x64.Build.0 = Debug|Any CPU
		{B38298AA-ACEF-423C-8091-9FC2509DBFCB}.Debug|x86.ActiveCfg = Debug|Any CPU
		{B38298AA-ACEF-423C-8091-9FC2509DBFCB}.Debug|x86.Build.0 = Debug|Any CPU
		{B38298AA-ACEF-423C-8091-9FC2509DBFCB}.Release|Any CPU.ActiveCfg = Release|Any CPU
		{B38298AA-ACEF-423C-8091-9FC2509DBFCB}.Release|Any CPU.Build.0 = Release|Any CPU
		{B38298AA-ACEF-423C-8091-9FC2509DBFCB}.Release|x64.ActiveCfg = Release|Any CPU
		{B38298AA-ACEF-423C-8091-9FC2509DBFCB}.Release|x64.Build.0 = Release|Any CPU
		{B38298AA-ACEF-423C-8091-9FC2509DBFCB}.Release|x86.ActiveCfg = Release|Any CPU
		{B38298AA-ACEF-423C-8091-9FC2509DBFCB}.Release|x86.Build.0 = Release|Any CPU
		{B38298AA-ACEF-423C-8091-9FC2509DBFCB}.VSTS|Any CPU.ActiveCfg = Release|Any CPU
		{B38298AA-ACEF-423C-8091-9FC2509DBFCB}.VSTS|x64.ActiveCfg = Release|Any CPU
		{B38298AA-ACEF-423C-8091-9FC2509DBFCB}.VSTS|x64.Build.0 = Release|Any CPU
		{B38298AA-ACEF-423C-8091-9FC2509DBFCB}.VSTS|x86.ActiveCfg = Release|Any CPU
		{B38298AA-ACEF-423C-8091-9FC2509DBFCB}.VSTS|x86.Build.0 = Release|Any CPU
		{925D23FD-EF96-460D-9585-80AA08CD5BEE}.Debug|Any CPU.ActiveCfg = Debug|Any CPU
		{925D23FD-EF96-460D-9585-80AA08CD5BEE}.Debug|Any CPU.Build.0 = Debug|Any CPU
		{925D23FD-EF96-460D-9585-80AA08CD5BEE}.Debug|x64.ActiveCfg = Debug|Any CPU
		{925D23FD-EF96-460D-9585-80AA08CD5BEE}.Debug|x64.Build.0 = Debug|Any CPU
		{925D23FD-EF96-460D-9585-80AA08CD5BEE}.Debug|x86.ActiveCfg = Debug|Any CPU
		{925D23FD-EF96-460D-9585-80AA08CD5BEE}.Debug|x86.Build.0 = Debug|Any CPU
		{925D23FD-EF96-460D-9585-80AA08CD5BEE}.Release|Any CPU.ActiveCfg = Release|Any CPU
		{925D23FD-EF96-460D-9585-80AA08CD5BEE}.Release|Any CPU.Build.0 = Release|Any CPU
		{925D23FD-EF96-460D-9585-80AA08CD5BEE}.Release|x64.ActiveCfg = Release|Any CPU
		{925D23FD-EF96-460D-9585-80AA08CD5BEE}.Release|x64.Build.0 = Release|Any CPU
		{925D23FD-EF96-460D-9585-80AA08CD5BEE}.Release|x86.ActiveCfg = Release|Any CPU
		{925D23FD-EF96-460D-9585-80AA08CD5BEE}.Release|x86.Build.0 = Release|Any CPU
		{925D23FD-EF96-460D-9585-80AA08CD5BEE}.VSTS|Any CPU.ActiveCfg = Release|Any CPU
		{925D23FD-EF96-460D-9585-80AA08CD5BEE}.VSTS|Any CPU.Build.0 = Release|Any CPU
		{925D23FD-EF96-460D-9585-80AA08CD5BEE}.VSTS|x64.ActiveCfg = Release|Any CPU
		{925D23FD-EF96-460D-9585-80AA08CD5BEE}.VSTS|x64.Build.0 = Release|Any CPU
		{925D23FD-EF96-460D-9585-80AA08CD5BEE}.VSTS|x86.ActiveCfg = Release|Any CPU
		{925D23FD-EF96-460D-9585-80AA08CD5BEE}.VSTS|x86.Build.0 = Release|Any CPU
		{631529FA-2C0A-4792-B2BD-F273FB80E610}.Debug|Any CPU.ActiveCfg = Debug|Any CPU
		{631529FA-2C0A-4792-B2BD-F273FB80E610}.Debug|Any CPU.Build.0 = Debug|Any CPU
		{631529FA-2C0A-4792-B2BD-F273FB80E610}.Debug|x64.ActiveCfg = Debug|Any CPU
		{631529FA-2C0A-4792-B2BD-F273FB80E610}.Debug|x64.Build.0 = Debug|Any CPU
		{631529FA-2C0A-4792-B2BD-F273FB80E610}.Debug|x86.ActiveCfg = Debug|Any CPU
		{631529FA-2C0A-4792-B2BD-F273FB80E610}.Debug|x86.Build.0 = Debug|Any CPU
		{631529FA-2C0A-4792-B2BD-F273FB80E610}.Release|Any CPU.ActiveCfg = Release|Any CPU
		{631529FA-2C0A-4792-B2BD-F273FB80E610}.Release|Any CPU.Build.0 = Release|Any CPU
		{631529FA-2C0A-4792-B2BD-F273FB80E610}.Release|x64.ActiveCfg = Release|Any CPU
		{631529FA-2C0A-4792-B2BD-F273FB80E610}.Release|x64.Build.0 = Release|Any CPU
		{631529FA-2C0A-4792-B2BD-F273FB80E610}.Release|x86.ActiveCfg = Release|Any CPU
		{631529FA-2C0A-4792-B2BD-F273FB80E610}.Release|x86.Build.0 = Release|Any CPU
		{631529FA-2C0A-4792-B2BD-F273FB80E610}.VSTS|Any CPU.ActiveCfg = Release|Any CPU
		{631529FA-2C0A-4792-B2BD-F273FB80E610}.VSTS|Any CPU.Build.0 = Release|Any CPU
		{631529FA-2C0A-4792-B2BD-F273FB80E610}.VSTS|x64.ActiveCfg = Release|Any CPU
		{631529FA-2C0A-4792-B2BD-F273FB80E610}.VSTS|x64.Build.0 = Release|Any CPU
		{631529FA-2C0A-4792-B2BD-F273FB80E610}.VSTS|x86.ActiveCfg = Release|Any CPU
		{631529FA-2C0A-4792-B2BD-F273FB80E610}.VSTS|x86.Build.0 = Release|Any CPU
		{18390B98-D7A0-4DED-B808-B59EF0452919}.Debug|Any CPU.ActiveCfg = Debug|Any CPU
		{18390B98-D7A0-4DED-B808-B59EF0452919}.Debug|Any CPU.Build.0 = Debug|Any CPU
		{18390B98-D7A0-4DED-B808-B59EF0452919}.Debug|x64.ActiveCfg = Debug|Any CPU
		{18390B98-D7A0-4DED-B808-B59EF0452919}.Debug|x64.Build.0 = Debug|Any CPU
		{18390B98-D7A0-4DED-B808-B59EF0452919}.Debug|x86.ActiveCfg = Debug|Any CPU
		{18390B98-D7A0-4DED-B808-B59EF0452919}.Debug|x86.Build.0 = Debug|Any CPU
		{18390B98-D7A0-4DED-B808-B59EF0452919}.Release|Any CPU.ActiveCfg = Release|Any CPU
		{18390B98-D7A0-4DED-B808-B59EF0452919}.Release|Any CPU.Build.0 = Release|Any CPU
		{18390B98-D7A0-4DED-B808-B59EF0452919}.Release|x64.ActiveCfg = Release|Any CPU
		{18390B98-D7A0-4DED-B808-B59EF0452919}.Release|x64.Build.0 = Release|Any CPU
		{18390B98-D7A0-4DED-B808-B59EF0452919}.Release|x86.ActiveCfg = Release|Any CPU
		{18390B98-D7A0-4DED-B808-B59EF0452919}.Release|x86.Build.0 = Release|Any CPU
		{18390B98-D7A0-4DED-B808-B59EF0452919}.VSTS|Any CPU.ActiveCfg = Release|Any CPU
		{18390B98-D7A0-4DED-B808-B59EF0452919}.VSTS|Any CPU.Build.0 = Release|Any CPU
		{18390B98-D7A0-4DED-B808-B59EF0452919}.VSTS|x64.ActiveCfg = Release|Any CPU
		{18390B98-D7A0-4DED-B808-B59EF0452919}.VSTS|x64.Build.0 = Release|Any CPU
		{18390B98-D7A0-4DED-B808-B59EF0452919}.VSTS|x86.ActiveCfg = Release|Any CPU
		{18390B98-D7A0-4DED-B808-B59EF0452919}.VSTS|x86.Build.0 = Release|Any CPU
		{1C7AF3BD-BA4B-4EC9-8443-86D726AAF8DF}.Debug|Any CPU.ActiveCfg = Debug|Any CPU
		{1C7AF3BD-BA4B-4EC9-8443-86D726AAF8DF}.Debug|Any CPU.Build.0 = Debug|Any CPU
		{1C7AF3BD-BA4B-4EC9-8443-86D726AAF8DF}.Debug|x64.ActiveCfg = Debug|Any CPU
		{1C7AF3BD-BA4B-4EC9-8443-86D726AAF8DF}.Debug|x64.Build.0 = Debug|Any CPU
		{1C7AF3BD-BA4B-4EC9-8443-86D726AAF8DF}.Debug|x86.ActiveCfg = Debug|Any CPU
		{1C7AF3BD-BA4B-4EC9-8443-86D726AAF8DF}.Debug|x86.Build.0 = Debug|Any CPU
		{1C7AF3BD-BA4B-4EC9-8443-86D726AAF8DF}.Release|Any CPU.ActiveCfg = Release|Any CPU
		{1C7AF3BD-BA4B-4EC9-8443-86D726AAF8DF}.Release|Any CPU.Build.0 = Release|Any CPU
		{1C7AF3BD-BA4B-4EC9-8443-86D726AAF8DF}.Release|x64.ActiveCfg = Release|Any CPU
		{1C7AF3BD-BA4B-4EC9-8443-86D726AAF8DF}.Release|x64.Build.0 = Release|Any CPU
		{1C7AF3BD-BA4B-4EC9-8443-86D726AAF8DF}.Release|x86.ActiveCfg = Release|Any CPU
		{1C7AF3BD-BA4B-4EC9-8443-86D726AAF8DF}.Release|x86.Build.0 = Release|Any CPU
		{1C7AF3BD-BA4B-4EC9-8443-86D726AAF8DF}.VSTS|Any CPU.ActiveCfg = Release|Any CPU
		{1C7AF3BD-BA4B-4EC9-8443-86D726AAF8DF}.VSTS|Any CPU.Build.0 = Release|Any CPU
		{1C7AF3BD-BA4B-4EC9-8443-86D726AAF8DF}.VSTS|x64.ActiveCfg = Release|Any CPU
		{1C7AF3BD-BA4B-4EC9-8443-86D726AAF8DF}.VSTS|x64.Build.0 = Release|Any CPU
		{1C7AF3BD-BA4B-4EC9-8443-86D726AAF8DF}.VSTS|x86.ActiveCfg = Release|Any CPU
		{1C7AF3BD-BA4B-4EC9-8443-86D726AAF8DF}.VSTS|x86.Build.0 = Release|Any CPU
		{D2E2F878-98C3-4138-B177-F6287AF83909}.Debug|Any CPU.ActiveCfg = Debug|Any CPU
		{D2E2F878-98C3-4138-B177-F6287AF83909}.Debug|Any CPU.Build.0 = Debug|Any CPU
		{D2E2F878-98C3-4138-B177-F6287AF83909}.Debug|x64.ActiveCfg = Debug|Any CPU
		{D2E2F878-98C3-4138-B177-F6287AF83909}.Debug|x64.Build.0 = Debug|Any CPU
		{D2E2F878-98C3-4138-B177-F6287AF83909}.Debug|x86.ActiveCfg = Debug|Any CPU
		{D2E2F878-98C3-4138-B177-F6287AF83909}.Debug|x86.Build.0 = Debug|Any CPU
		{D2E2F878-98C3-4138-B177-F6287AF83909}.Release|Any CPU.ActiveCfg = Release|Any CPU
		{D2E2F878-98C3-4138-B177-F6287AF83909}.Release|Any CPU.Build.0 = Release|Any CPU
		{D2E2F878-98C3-4138-B177-F6287AF83909}.Release|x64.ActiveCfg = Release|Any CPU
		{D2E2F878-98C3-4138-B177-F6287AF83909}.Release|x64.Build.0 = Release|Any CPU
		{D2E2F878-98C3-4138-B177-F6287AF83909}.Release|x86.ActiveCfg = Release|Any CPU
		{D2E2F878-98C3-4138-B177-F6287AF83909}.Release|x86.Build.0 = Release|Any CPU
		{D2E2F878-98C3-4138-B177-F6287AF83909}.VSTS|Any CPU.ActiveCfg = Release|Any CPU
		{D2E2F878-98C3-4138-B177-F6287AF83909}.VSTS|Any CPU.Build.0 = Release|Any CPU
		{D2E2F878-98C3-4138-B177-F6287AF83909}.VSTS|x64.ActiveCfg = Release|Any CPU
		{D2E2F878-98C3-4138-B177-F6287AF83909}.VSTS|x64.Build.0 = Release|Any CPU
		{D2E2F878-98C3-4138-B177-F6287AF83909}.VSTS|x86.ActiveCfg = Release|Any CPU
		{D2E2F878-98C3-4138-B177-F6287AF83909}.VSTS|x86.Build.0 = Release|Any CPU
		{887BF1AB-E9D3-4A07-BFAF-7BCEA2A4294E}.Debug|Any CPU.ActiveCfg = Debug|Any CPU
		{887BF1AB-E9D3-4A07-BFAF-7BCEA2A4294E}.Debug|Any CPU.Build.0 = Debug|Any CPU
		{887BF1AB-E9D3-4A07-BFAF-7BCEA2A4294E}.Debug|x64.ActiveCfg = Debug|Any CPU
		{887BF1AB-E9D3-4A07-BFAF-7BCEA2A4294E}.Debug|x64.Build.0 = Debug|Any CPU
		{887BF1AB-E9D3-4A07-BFAF-7BCEA2A4294E}.Debug|x86.ActiveCfg = Debug|Any CPU
		{887BF1AB-E9D3-4A07-BFAF-7BCEA2A4294E}.Debug|x86.Build.0 = Debug|Any CPU
		{887BF1AB-E9D3-4A07-BFAF-7BCEA2A4294E}.Release|Any CPU.ActiveCfg = Release|Any CPU
		{887BF1AB-E9D3-4A07-BFAF-7BCEA2A4294E}.Release|Any CPU.Build.0 = Release|Any CPU
		{887BF1AB-E9D3-4A07-BFAF-7BCEA2A4294E}.Release|x64.ActiveCfg = Release|Any CPU
		{887BF1AB-E9D3-4A07-BFAF-7BCEA2A4294E}.Release|x64.Build.0 = Release|Any CPU
		{887BF1AB-E9D3-4A07-BFAF-7BCEA2A4294E}.Release|x86.ActiveCfg = Release|Any CPU
		{887BF1AB-E9D3-4A07-BFAF-7BCEA2A4294E}.Release|x86.Build.0 = Release|Any CPU
		{887BF1AB-E9D3-4A07-BFAF-7BCEA2A4294E}.VSTS|Any CPU.ActiveCfg = Release|Any CPU
		{887BF1AB-E9D3-4A07-BFAF-7BCEA2A4294E}.VSTS|Any CPU.Build.0 = Release|Any CPU
		{887BF1AB-E9D3-4A07-BFAF-7BCEA2A4294E}.VSTS|x64.ActiveCfg = Release|Any CPU
		{887BF1AB-E9D3-4A07-BFAF-7BCEA2A4294E}.VSTS|x64.Build.0 = Release|Any CPU
		{887BF1AB-E9D3-4A07-BFAF-7BCEA2A4294E}.VSTS|x86.ActiveCfg = Release|Any CPU
		{887BF1AB-E9D3-4A07-BFAF-7BCEA2A4294E}.VSTS|x86.Build.0 = Release|Any CPU
		{376DF6D0-72B0-441E-A265-60574A314BB0}.Debug|Any CPU.ActiveCfg = Debug|Any CPU
		{376DF6D0-72B0-441E-A265-60574A314BB0}.Debug|Any CPU.Build.0 = Debug|Any CPU
		{376DF6D0-72B0-441E-A265-60574A314BB0}.Debug|x64.ActiveCfg = Debug|Any CPU
		{376DF6D0-72B0-441E-A265-60574A314BB0}.Debug|x64.Build.0 = Debug|Any CPU
		{376DF6D0-72B0-441E-A265-60574A314BB0}.Debug|x86.ActiveCfg = Debug|Any CPU
		{376DF6D0-72B0-441E-A265-60574A314BB0}.Debug|x86.Build.0 = Debug|Any CPU
		{376DF6D0-72B0-441E-A265-60574A314BB0}.Release|Any CPU.ActiveCfg = Release|Any CPU
		{376DF6D0-72B0-441E-A265-60574A314BB0}.Release|Any CPU.Build.0 = Release|Any CPU
		{376DF6D0-72B0-441E-A265-60574A314BB0}.Release|x64.ActiveCfg = Release|Any CPU
		{376DF6D0-72B0-441E-A265-60574A314BB0}.Release|x64.Build.0 = Release|Any CPU
		{376DF6D0-72B0-441E-A265-60574A314BB0}.Release|x86.ActiveCfg = Release|Any CPU
		{376DF6D0-72B0-441E-A265-60574A314BB0}.Release|x86.Build.0 = Release|Any CPU
		{376DF6D0-72B0-441E-A265-60574A314BB0}.VSTS|Any CPU.ActiveCfg = Release|Any CPU
		{376DF6D0-72B0-441E-A265-60574A314BB0}.VSTS|Any CPU.Build.0 = Release|Any CPU
		{376DF6D0-72B0-441E-A265-60574A314BB0}.VSTS|x64.ActiveCfg = Release|Any CPU
		{376DF6D0-72B0-441E-A265-60574A314BB0}.VSTS|x64.Build.0 = Release|Any CPU
		{376DF6D0-72B0-441E-A265-60574A314BB0}.VSTS|x86.ActiveCfg = Release|Any CPU
		{376DF6D0-72B0-441E-A265-60574A314BB0}.VSTS|x86.Build.0 = Release|Any CPU
		{0CA14689-3236-4159-8180-1BC0A30DFA8A}.Debug|Any CPU.ActiveCfg = Debug|Any CPU
		{0CA14689-3236-4159-8180-1BC0A30DFA8A}.Debug|Any CPU.Build.0 = Debug|Any CPU
		{0CA14689-3236-4159-8180-1BC0A30DFA8A}.Debug|x64.ActiveCfg = Debug|Any CPU
		{0CA14689-3236-4159-8180-1BC0A30DFA8A}.Debug|x64.Build.0 = Debug|Any CPU
		{0CA14689-3236-4159-8180-1BC0A30DFA8A}.Debug|x86.ActiveCfg = Debug|Any CPU
		{0CA14689-3236-4159-8180-1BC0A30DFA8A}.Debug|x86.Build.0 = Debug|Any CPU
		{0CA14689-3236-4159-8180-1BC0A30DFA8A}.Release|Any CPU.ActiveCfg = Release|Any CPU
		{0CA14689-3236-4159-8180-1BC0A30DFA8A}.Release|Any CPU.Build.0 = Release|Any CPU
		{0CA14689-3236-4159-8180-1BC0A30DFA8A}.Release|x64.ActiveCfg = Release|Any CPU
		{0CA14689-3236-4159-8180-1BC0A30DFA8A}.Release|x64.Build.0 = Release|Any CPU
		{0CA14689-3236-4159-8180-1BC0A30DFA8A}.Release|x86.ActiveCfg = Release|Any CPU
		{0CA14689-3236-4159-8180-1BC0A30DFA8A}.Release|x86.Build.0 = Release|Any CPU
		{0CA14689-3236-4159-8180-1BC0A30DFA8A}.VSTS|Any CPU.ActiveCfg = Release|Any CPU
		{0CA14689-3236-4159-8180-1BC0A30DFA8A}.VSTS|Any CPU.Build.0 = Release|Any CPU
		{0CA14689-3236-4159-8180-1BC0A30DFA8A}.VSTS|x64.ActiveCfg = Release|Any CPU
		{0CA14689-3236-4159-8180-1BC0A30DFA8A}.VSTS|x64.Build.0 = Release|Any CPU
		{0CA14689-3236-4159-8180-1BC0A30DFA8A}.VSTS|x86.ActiveCfg = Release|Any CPU
		{0CA14689-3236-4159-8180-1BC0A30DFA8A}.VSTS|x86.Build.0 = Release|Any CPU
		{0BCADE58-DD80-4ABB-A193-499ABE5DF34F}.Debug|Any CPU.ActiveCfg = Debug|Any CPU
		{0BCADE58-DD80-4ABB-A193-499ABE5DF34F}.Debug|x64.ActiveCfg = Debug|Any CPU
		{0BCADE58-DD80-4ABB-A193-499ABE5DF34F}.Debug|x64.Build.0 = Debug|Any CPU
		{0BCADE58-DD80-4ABB-A193-499ABE5DF34F}.Debug|x86.ActiveCfg = Debug|Any CPU
		{0BCADE58-DD80-4ABB-A193-499ABE5DF34F}.Debug|x86.Build.0 = Debug|Any CPU
		{0BCADE58-DD80-4ABB-A193-499ABE5DF34F}.Release|Any CPU.ActiveCfg = Release|Any CPU
		{0BCADE58-DD80-4ABB-A193-499ABE5DF34F}.Release|Any CPU.Build.0 = Release|Any CPU
		{0BCADE58-DD80-4ABB-A193-499ABE5DF34F}.Release|x64.ActiveCfg = Debug|Any CPU
		{0BCADE58-DD80-4ABB-A193-499ABE5DF34F}.Release|x64.Build.0 = Debug|Any CPU
		{0BCADE58-DD80-4ABB-A193-499ABE5DF34F}.Release|x86.ActiveCfg = Debug|Any CPU
		{0BCADE58-DD80-4ABB-A193-499ABE5DF34F}.Release|x86.Build.0 = Debug|Any CPU
		{0BCADE58-DD80-4ABB-A193-499ABE5DF34F}.VSTS|Any CPU.ActiveCfg = Release|Any CPU
		{0BCADE58-DD80-4ABB-A193-499ABE5DF34F}.VSTS|x64.ActiveCfg = Debug|Any CPU
		{0BCADE58-DD80-4ABB-A193-499ABE5DF34F}.VSTS|x64.Build.0 = Debug|Any CPU
		{0BCADE58-DD80-4ABB-A193-499ABE5DF34F}.VSTS|x86.ActiveCfg = Debug|Any CPU
		{0BCADE58-DD80-4ABB-A193-499ABE5DF34F}.VSTS|x86.Build.0 = Debug|Any CPU
		{D773759D-23D4-4CD1-A8C1-82926EA111E1}.Debug|Any CPU.ActiveCfg = Debug|Any CPU
		{D773759D-23D4-4CD1-A8C1-82926EA111E1}.Debug|Any CPU.Build.0 = Debug|Any CPU
		{D773759D-23D4-4CD1-A8C1-82926EA111E1}.Debug|x64.ActiveCfg = Debug|Any CPU
		{D773759D-23D4-4CD1-A8C1-82926EA111E1}.Debug|x64.Build.0 = Debug|Any CPU
		{D773759D-23D4-4CD1-A8C1-82926EA111E1}.Debug|x86.ActiveCfg = Debug|Any CPU
		{D773759D-23D4-4CD1-A8C1-82926EA111E1}.Debug|x86.Build.0 = Debug|Any CPU
		{D773759D-23D4-4CD1-A8C1-82926EA111E1}.Release|Any CPU.ActiveCfg = Release|Any CPU
		{D773759D-23D4-4CD1-A8C1-82926EA111E1}.Release|Any CPU.Build.0 = Release|Any CPU
		{D773759D-23D4-4CD1-A8C1-82926EA111E1}.Release|x64.ActiveCfg = Release|Any CPU
		{D773759D-23D4-4CD1-A8C1-82926EA111E1}.Release|x64.Build.0 = Release|Any CPU
		{D773759D-23D4-4CD1-A8C1-82926EA111E1}.Release|x86.ActiveCfg = Release|Any CPU
		{D773759D-23D4-4CD1-A8C1-82926EA111E1}.Release|x86.Build.0 = Release|Any CPU
		{D773759D-23D4-4CD1-A8C1-82926EA111E1}.VSTS|Any CPU.ActiveCfg = Release|Any CPU
		{D773759D-23D4-4CD1-A8C1-82926EA111E1}.VSTS|x64.ActiveCfg = Release|Any CPU
		{D773759D-23D4-4CD1-A8C1-82926EA111E1}.VSTS|x64.Build.0 = Release|Any CPU
		{D773759D-23D4-4CD1-A8C1-82926EA111E1}.VSTS|x86.ActiveCfg = Release|Any CPU
		{D773759D-23D4-4CD1-A8C1-82926EA111E1}.VSTS|x86.Build.0 = Release|Any CPU
		{6ED3C257-DB41-4641-A849-07E0EAB4AEBE}.Debug|Any CPU.ActiveCfg = Debug|Any CPU
		{6ED3C257-DB41-4641-A849-07E0EAB4AEBE}.Debug|Any CPU.Build.0 = Debug|Any CPU
		{6ED3C257-DB41-4641-A849-07E0EAB4AEBE}.Debug|x64.ActiveCfg = Debug|Any CPU
		{6ED3C257-DB41-4641-A849-07E0EAB4AEBE}.Debug|x64.Build.0 = Debug|Any CPU
		{6ED3C257-DB41-4641-A849-07E0EAB4AEBE}.Debug|x86.ActiveCfg = Debug|Any CPU
		{6ED3C257-DB41-4641-A849-07E0EAB4AEBE}.Debug|x86.Build.0 = Debug|Any CPU
		{6ED3C257-DB41-4641-A849-07E0EAB4AEBE}.Release|Any CPU.ActiveCfg = Release|Any CPU
		{6ED3C257-DB41-4641-A849-07E0EAB4AEBE}.Release|Any CPU.Build.0 = Release|Any CPU
		{6ED3C257-DB41-4641-A849-07E0EAB4AEBE}.Release|x64.ActiveCfg = Release|Any CPU
		{6ED3C257-DB41-4641-A849-07E0EAB4AEBE}.Release|x64.Build.0 = Release|Any CPU
		{6ED3C257-DB41-4641-A849-07E0EAB4AEBE}.Release|x86.ActiveCfg = Release|Any CPU
		{6ED3C257-DB41-4641-A849-07E0EAB4AEBE}.Release|x86.Build.0 = Release|Any CPU
		{6ED3C257-DB41-4641-A849-07E0EAB4AEBE}.VSTS|Any CPU.ActiveCfg = Release|Any CPU
		{6ED3C257-DB41-4641-A849-07E0EAB4AEBE}.VSTS|x64.ActiveCfg = Release|Any CPU
		{6ED3C257-DB41-4641-A849-07E0EAB4AEBE}.VSTS|x64.Build.0 = Release|Any CPU
		{6ED3C257-DB41-4641-A849-07E0EAB4AEBE}.VSTS|x86.ActiveCfg = Release|Any CPU
		{6ED3C257-DB41-4641-A849-07E0EAB4AEBE}.VSTS|x86.Build.0 = Release|Any CPU
		{52C87DE8-C9AE-40D7-A6C9-DABB4A02B8F3}.Debug|Any CPU.ActiveCfg = Debug|Any CPU
		{52C87DE8-C9AE-40D7-A6C9-DABB4A02B8F3}.Debug|Any CPU.Build.0 = Debug|Any CPU
		{52C87DE8-C9AE-40D7-A6C9-DABB4A02B8F3}.Debug|x64.ActiveCfg = Debug|Any CPU
		{52C87DE8-C9AE-40D7-A6C9-DABB4A02B8F3}.Debug|x64.Build.0 = Debug|Any CPU
		{52C87DE8-C9AE-40D7-A6C9-DABB4A02B8F3}.Debug|x86.ActiveCfg = Debug|Any CPU
		{52C87DE8-C9AE-40D7-A6C9-DABB4A02B8F3}.Debug|x86.Build.0 = Debug|Any CPU
		{52C87DE8-C9AE-40D7-A6C9-DABB4A02B8F3}.Release|Any CPU.ActiveCfg = Release|Any CPU
		{52C87DE8-C9AE-40D7-A6C9-DABB4A02B8F3}.Release|Any CPU.Build.0 = Release|Any CPU
		{52C87DE8-C9AE-40D7-A6C9-DABB4A02B8F3}.Release|x64.ActiveCfg = Release|Any CPU
		{52C87DE8-C9AE-40D7-A6C9-DABB4A02B8F3}.Release|x64.Build.0 = Release|Any CPU
		{52C87DE8-C9AE-40D7-A6C9-DABB4A02B8F3}.Release|x86.ActiveCfg = Release|Any CPU
		{52C87DE8-C9AE-40D7-A6C9-DABB4A02B8F3}.Release|x86.Build.0 = Release|Any CPU
		{52C87DE8-C9AE-40D7-A6C9-DABB4A02B8F3}.VSTS|Any CPU.ActiveCfg = Release|Any CPU
		{52C87DE8-C9AE-40D7-A6C9-DABB4A02B8F3}.VSTS|x64.ActiveCfg = Release|Any CPU
		{52C87DE8-C9AE-40D7-A6C9-DABB4A02B8F3}.VSTS|x64.Build.0 = Release|Any CPU
		{52C87DE8-C9AE-40D7-A6C9-DABB4A02B8F3}.VSTS|x86.ActiveCfg = Release|Any CPU
		{52C87DE8-C9AE-40D7-A6C9-DABB4A02B8F3}.VSTS|x86.Build.0 = Release|Any CPU
		{DAEAF999-BDDC-41C4-A8A5-895F05A5D82E}.Debug|Any CPU.ActiveCfg = Debug|Any CPU
		{DAEAF999-BDDC-41C4-A8A5-895F05A5D82E}.Debug|Any CPU.Build.0 = Debug|Any CPU
		{DAEAF999-BDDC-41C4-A8A5-895F05A5D82E}.Debug|x64.ActiveCfg = Debug|Any CPU
		{DAEAF999-BDDC-41C4-A8A5-895F05A5D82E}.Debug|x64.Build.0 = Debug|Any CPU
		{DAEAF999-BDDC-41C4-A8A5-895F05A5D82E}.Debug|x86.ActiveCfg = Debug|Any CPU
		{DAEAF999-BDDC-41C4-A8A5-895F05A5D82E}.Debug|x86.Build.0 = Debug|Any CPU
		{DAEAF999-BDDC-41C4-A8A5-895F05A5D82E}.Release|Any CPU.ActiveCfg = Release|Any CPU
		{DAEAF999-BDDC-41C4-A8A5-895F05A5D82E}.Release|Any CPU.Build.0 = Release|Any CPU
		{DAEAF999-BDDC-41C4-A8A5-895F05A5D82E}.Release|x64.ActiveCfg = Release|Any CPU
		{DAEAF999-BDDC-41C4-A8A5-895F05A5D82E}.Release|x64.Build.0 = Release|Any CPU
		{DAEAF999-BDDC-41C4-A8A5-895F05A5D82E}.Release|x86.ActiveCfg = Release|Any CPU
		{DAEAF999-BDDC-41C4-A8A5-895F05A5D82E}.Release|x86.Build.0 = Release|Any CPU
		{DAEAF999-BDDC-41C4-A8A5-895F05A5D82E}.VSTS|Any CPU.ActiveCfg = Release|Any CPU
		{DAEAF999-BDDC-41C4-A8A5-895F05A5D82E}.VSTS|x64.ActiveCfg = Release|Any CPU
		{DAEAF999-BDDC-41C4-A8A5-895F05A5D82E}.VSTS|x64.Build.0 = Release|Any CPU
		{DAEAF999-BDDC-41C4-A8A5-895F05A5D82E}.VSTS|x86.ActiveCfg = Release|Any CPU
		{DAEAF999-BDDC-41C4-A8A5-895F05A5D82E}.VSTS|x86.Build.0 = Release|Any CPU
		{51D5BB3D-498D-4A3D-8D92-305BE6737C97}.Debug|Any CPU.ActiveCfg = Debug|Any CPU
		{51D5BB3D-498D-4A3D-8D92-305BE6737C97}.Debug|Any CPU.Build.0 = Debug|Any CPU
		{51D5BB3D-498D-4A3D-8D92-305BE6737C97}.Debug|x64.ActiveCfg = Debug|Any CPU
		{51D5BB3D-498D-4A3D-8D92-305BE6737C97}.Debug|x64.Build.0 = Debug|Any CPU
		{51D5BB3D-498D-4A3D-8D92-305BE6737C97}.Debug|x86.ActiveCfg = Debug|Any CPU
		{51D5BB3D-498D-4A3D-8D92-305BE6737C97}.Debug|x86.Build.0 = Debug|Any CPU
		{51D5BB3D-498D-4A3D-8D92-305BE6737C97}.Release|Any CPU.ActiveCfg = Release|Any CPU
		{51D5BB3D-498D-4A3D-8D92-305BE6737C97}.Release|Any CPU.Build.0 = Release|Any CPU
		{51D5BB3D-498D-4A3D-8D92-305BE6737C97}.Release|x64.ActiveCfg = Release|Any CPU
		{51D5BB3D-498D-4A3D-8D92-305BE6737C97}.Release|x64.Build.0 = Release|Any CPU
		{51D5BB3D-498D-4A3D-8D92-305BE6737C97}.Release|x86.ActiveCfg = Release|Any CPU
		{51D5BB3D-498D-4A3D-8D92-305BE6737C97}.Release|x86.Build.0 = Release|Any CPU
		{51D5BB3D-498D-4A3D-8D92-305BE6737C97}.VSTS|Any CPU.ActiveCfg = Release|Any CPU
		{51D5BB3D-498D-4A3D-8D92-305BE6737C97}.VSTS|Any CPU.Build.0 = Release|Any CPU
		{51D5BB3D-498D-4A3D-8D92-305BE6737C97}.VSTS|x64.ActiveCfg = Release|Any CPU
		{51D5BB3D-498D-4A3D-8D92-305BE6737C97}.VSTS|x64.Build.0 = Release|Any CPU
		{51D5BB3D-498D-4A3D-8D92-305BE6737C97}.VSTS|x86.ActiveCfg = Release|Any CPU
		{51D5BB3D-498D-4A3D-8D92-305BE6737C97}.VSTS|x86.Build.0 = Release|Any CPU
		{503810E3-323C-4FCA-8F6B-39196C6DC70B}.Debug|Any CPU.ActiveCfg = Debug|Any CPU
		{503810E3-323C-4FCA-8F6B-39196C6DC70B}.Debug|x64.ActiveCfg = Debug|x64
		{503810E3-323C-4FCA-8F6B-39196C6DC70B}.Debug|x64.Build.0 = Debug|x64
		{503810E3-323C-4FCA-8F6B-39196C6DC70B}.Debug|x86.ActiveCfg = Debug|x86
		{503810E3-323C-4FCA-8F6B-39196C6DC70B}.Debug|x86.Build.0 = Debug|x86
		{503810E3-323C-4FCA-8F6B-39196C6DC70B}.Release|Any CPU.ActiveCfg = Release|Any CPU
		{503810E3-323C-4FCA-8F6B-39196C6DC70B}.Release|Any CPU.Build.0 = Release|Any CPU
		{503810E3-323C-4FCA-8F6B-39196C6DC70B}.Release|x64.ActiveCfg = Release|x64
		{503810E3-323C-4FCA-8F6B-39196C6DC70B}.Release|x64.Build.0 = Release|x64
		{503810E3-323C-4FCA-8F6B-39196C6DC70B}.Release|x86.ActiveCfg = Release|x86
		{503810E3-323C-4FCA-8F6B-39196C6DC70B}.Release|x86.Build.0 = Release|x86
		{503810E3-323C-4FCA-8F6B-39196C6DC70B}.VSTS|Any CPU.ActiveCfg = Release|Any CPU
		{503810E3-323C-4FCA-8F6B-39196C6DC70B}.VSTS|x64.ActiveCfg = Release|x64
		{503810E3-323C-4FCA-8F6B-39196C6DC70B}.VSTS|x64.Build.0 = Release|x64
		{503810E3-323C-4FCA-8F6B-39196C6DC70B}.VSTS|x86.ActiveCfg = Release|x86
		{503810E3-323C-4FCA-8F6B-39196C6DC70B}.VSTS|x86.Build.0 = Release|x86
		{AABD0907-3D03-4D96-98CF-02D779E9237B}.Debug|Any CPU.ActiveCfg = Debug|Any CPU
		{AABD0907-3D03-4D96-98CF-02D779E9237B}.Debug|Any CPU.Build.0 = Debug|Any CPU
		{AABD0907-3D03-4D96-98CF-02D779E9237B}.Debug|x64.ActiveCfg = Debug|Any CPU
		{AABD0907-3D03-4D96-98CF-02D779E9237B}.Debug|x64.Build.0 = Debug|Any CPU
		{AABD0907-3D03-4D96-98CF-02D779E9237B}.Debug|x86.ActiveCfg = Debug|Any CPU
		{AABD0907-3D03-4D96-98CF-02D779E9237B}.Debug|x86.Build.0 = Debug|Any CPU
		{AABD0907-3D03-4D96-98CF-02D779E9237B}.Release|Any CPU.ActiveCfg = Release|Any CPU
		{AABD0907-3D03-4D96-98CF-02D779E9237B}.Release|Any CPU.Build.0 = Release|Any CPU
		{AABD0907-3D03-4D96-98CF-02D779E9237B}.Release|x64.ActiveCfg = Release|Any CPU
		{AABD0907-3D03-4D96-98CF-02D779E9237B}.Release|x64.Build.0 = Release|Any CPU
		{AABD0907-3D03-4D96-98CF-02D779E9237B}.Release|x86.ActiveCfg = Release|Any CPU
		{AABD0907-3D03-4D96-98CF-02D779E9237B}.Release|x86.Build.0 = Release|Any CPU
		{AABD0907-3D03-4D96-98CF-02D779E9237B}.VSTS|Any CPU.ActiveCfg = Release|Any CPU
		{AABD0907-3D03-4D96-98CF-02D779E9237B}.VSTS|x64.ActiveCfg = Release|Any CPU
		{AABD0907-3D03-4D96-98CF-02D779E9237B}.VSTS|x64.Build.0 = Release|Any CPU
		{AABD0907-3D03-4D96-98CF-02D779E9237B}.VSTS|x86.ActiveCfg = Release|Any CPU
		{AABD0907-3D03-4D96-98CF-02D779E9237B}.VSTS|x86.Build.0 = Release|Any CPU
		{99AF8B33-2E00-41D9-AFDA-74D73004BEE8}.Debug|Any CPU.ActiveCfg = Debug|Any CPU
		{99AF8B33-2E00-41D9-AFDA-74D73004BEE8}.Debug|x64.ActiveCfg = Debug|Any CPU
		{99AF8B33-2E00-41D9-AFDA-74D73004BEE8}.Debug|x64.Build.0 = Debug|Any CPU
		{99AF8B33-2E00-41D9-AFDA-74D73004BEE8}.Debug|x86.ActiveCfg = Debug|Any CPU
		{99AF8B33-2E00-41D9-AFDA-74D73004BEE8}.Debug|x86.Build.0 = Debug|Any CPU
		{99AF8B33-2E00-41D9-AFDA-74D73004BEE8}.Release|Any CPU.ActiveCfg = Release|Any CPU
		{99AF8B33-2E00-41D9-AFDA-74D73004BEE8}.Release|Any CPU.Build.0 = Release|Any CPU
		{99AF8B33-2E00-41D9-AFDA-74D73004BEE8}.Release|x64.ActiveCfg = Release|Any CPU
		{99AF8B33-2E00-41D9-AFDA-74D73004BEE8}.Release|x64.Build.0 = Release|Any CPU
		{99AF8B33-2E00-41D9-AFDA-74D73004BEE8}.Release|x86.ActiveCfg = Release|Any CPU
		{99AF8B33-2E00-41D9-AFDA-74D73004BEE8}.Release|x86.Build.0 = Release|Any CPU
		{99AF8B33-2E00-41D9-AFDA-74D73004BEE8}.VSTS|Any CPU.ActiveCfg = Release|Any CPU
		{99AF8B33-2E00-41D9-AFDA-74D73004BEE8}.VSTS|x64.ActiveCfg = Release|Any CPU
		{99AF8B33-2E00-41D9-AFDA-74D73004BEE8}.VSTS|x64.Build.0 = Release|Any CPU
		{99AF8B33-2E00-41D9-AFDA-74D73004BEE8}.VSTS|x86.ActiveCfg = Release|Any CPU
		{99AF8B33-2E00-41D9-AFDA-74D73004BEE8}.VSTS|x86.Build.0 = Release|Any CPU
		{94AA035B-D967-4ED8-A499-989F0F7FE1C6}.Debug|Any CPU.ActiveCfg = Debug|Any CPU
		{94AA035B-D967-4ED8-A499-989F0F7FE1C6}.Debug|Any CPU.Build.0 = Debug|Any CPU
		{94AA035B-D967-4ED8-A499-989F0F7FE1C6}.Debug|x64.ActiveCfg = Debug|Any CPU
		{94AA035B-D967-4ED8-A499-989F0F7FE1C6}.Debug|x64.Build.0 = Debug|Any CPU
		{94AA035B-D967-4ED8-A499-989F0F7FE1C6}.Debug|x86.ActiveCfg = Debug|Any CPU
		{94AA035B-D967-4ED8-A499-989F0F7FE1C6}.Debug|x86.Build.0 = Debug|Any CPU
		{94AA035B-D967-4ED8-A499-989F0F7FE1C6}.Release|Any CPU.ActiveCfg = Release|Any CPU
		{94AA035B-D967-4ED8-A499-989F0F7FE1C6}.Release|Any CPU.Build.0 = Release|Any CPU
		{94AA035B-D967-4ED8-A499-989F0F7FE1C6}.Release|x64.ActiveCfg = Release|Any CPU
		{94AA035B-D967-4ED8-A499-989F0F7FE1C6}.Release|x64.Build.0 = Release|Any CPU
		{94AA035B-D967-4ED8-A499-989F0F7FE1C6}.Release|x86.ActiveCfg = Release|Any CPU
		{94AA035B-D967-4ED8-A499-989F0F7FE1C6}.Release|x86.Build.0 = Release|Any CPU
		{94AA035B-D967-4ED8-A499-989F0F7FE1C6}.VSTS|Any CPU.ActiveCfg = Release|Any CPU
		{94AA035B-D967-4ED8-A499-989F0F7FE1C6}.VSTS|Any CPU.Build.0 = Release|Any CPU
		{94AA035B-D967-4ED8-A499-989F0F7FE1C6}.VSTS|x64.ActiveCfg = Release|Any CPU
		{94AA035B-D967-4ED8-A499-989F0F7FE1C6}.VSTS|x64.Build.0 = Release|Any CPU
		{94AA035B-D967-4ED8-A499-989F0F7FE1C6}.VSTS|x86.ActiveCfg = Release|Any CPU
		{94AA035B-D967-4ED8-A499-989F0F7FE1C6}.VSTS|x86.Build.0 = Release|Any CPU
		{E140D1EA-288C-41D5-B5D5-95852AF80C25}.Debug|Any CPU.ActiveCfg = Debug|Any CPU
		{E140D1EA-288C-41D5-B5D5-95852AF80C25}.Debug|Any CPU.Build.0 = Debug|Any CPU
		{E140D1EA-288C-41D5-B5D5-95852AF80C25}.Debug|x64.ActiveCfg = Debug|Any CPU
		{E140D1EA-288C-41D5-B5D5-95852AF80C25}.Debug|x64.Build.0 = Debug|Any CPU
		{E140D1EA-288C-41D5-B5D5-95852AF80C25}.Debug|x86.ActiveCfg = Debug|Any CPU
		{E140D1EA-288C-41D5-B5D5-95852AF80C25}.Debug|x86.Build.0 = Debug|Any CPU
		{E140D1EA-288C-41D5-B5D5-95852AF80C25}.Release|Any CPU.ActiveCfg = Release|Any CPU
		{E140D1EA-288C-41D5-B5D5-95852AF80C25}.Release|Any CPU.Build.0 = Release|Any CPU
		{E140D1EA-288C-41D5-B5D5-95852AF80C25}.Release|x64.ActiveCfg = Release|Any CPU
		{E140D1EA-288C-41D5-B5D5-95852AF80C25}.Release|x64.Build.0 = Release|Any CPU
		{E140D1EA-288C-41D5-B5D5-95852AF80C25}.Release|x86.ActiveCfg = Release|Any CPU
		{E140D1EA-288C-41D5-B5D5-95852AF80C25}.Release|x86.Build.0 = Release|Any CPU
		{E140D1EA-288C-41D5-B5D5-95852AF80C25}.VSTS|Any CPU.ActiveCfg = Release|Any CPU
		{E140D1EA-288C-41D5-B5D5-95852AF80C25}.VSTS|Any CPU.Build.0 = Release|Any CPU
		{E140D1EA-288C-41D5-B5D5-95852AF80C25}.VSTS|x64.ActiveCfg = Release|Any CPU
		{E140D1EA-288C-41D5-B5D5-95852AF80C25}.VSTS|x64.Build.0 = Release|Any CPU
		{E140D1EA-288C-41D5-B5D5-95852AF80C25}.VSTS|x86.ActiveCfg = Release|Any CPU
		{E140D1EA-288C-41D5-B5D5-95852AF80C25}.VSTS|x86.Build.0 = Release|Any CPU
	EndGlobalSection
	GlobalSection(SolutionProperties) = preSolution
		HideSolutionNode = FALSE
	EndGlobalSection
	GlobalSection(NestedProjects) = preSolution
		{CDF729BC-F32A-4190-8F72-8C8438216DA1} = {9EA7C673-BDAA-4A31-9B71-2632703A21EB}
		{A3807953-1974-4F93-891B-6D1E0EFE7A27} = {4DE9AC20-F167-4B0E-8B0C-534042D26004}
		{0D43650A-F62D-44C2-9CA2-EBF93DCCAED6} = {F780E026-BA07-4769-9BE1-7E9CC9FA4B8B}
		{0B04331D-7C41-4312-8032-C7ECB447F051} = {F780E026-BA07-4769-9BE1-7E9CC9FA4B8B}
		{891A1F69-047B-4125-96EA-44A5945AEDB5} = {CD5F2665-2F1C-438B-A8EC-5A967516B2C9}
		{A35AB996-73CB-4B80-B85E-DE531147C476} = {CD5F2665-2F1C-438B-A8EC-5A967516B2C9}
		{172BE500-E675-4491-8169-6CEC51409B34} = {F780E026-BA07-4769-9BE1-7E9CC9FA4B8B}
		{6B54783A-AAD1-4F6C-B77A-4D37B233D7E2} = {F780E026-BA07-4769-9BE1-7E9CC9FA4B8B}
		{90E670EB-1A82-44D9-BC76-336CAB3B555A} = {F780E026-BA07-4769-9BE1-7E9CC9FA4B8B}
		{B38298AA-ACEF-423C-8091-9FC2509DBFCB} = {F780E026-BA07-4769-9BE1-7E9CC9FA4B8B}
		{925D23FD-EF96-460D-9585-80AA08CD5BEE} = {F780E026-BA07-4769-9BE1-7E9CC9FA4B8B}
		{631529FA-2C0A-4792-B2BD-F273FB80E610} = {F780E026-BA07-4769-9BE1-7E9CC9FA4B8B}
		{18390B98-D7A0-4DED-B808-B59EF0452919} = {F780E026-BA07-4769-9BE1-7E9CC9FA4B8B}
		{1C7AF3BD-BA4B-4EC9-8443-86D726AAF8DF} = {F780E026-BA07-4769-9BE1-7E9CC9FA4B8B}
		{D2E2F878-98C3-4138-B177-F6287AF83909} = {F780E026-BA07-4769-9BE1-7E9CC9FA4B8B}
		{887BF1AB-E9D3-4A07-BFAF-7BCEA2A4294E} = {F780E026-BA07-4769-9BE1-7E9CC9FA4B8B}
		{376DF6D0-72B0-441E-A265-60574A314BB0} = {F780E026-BA07-4769-9BE1-7E9CC9FA4B8B}
		{0CA14689-3236-4159-8180-1BC0A30DFA8A} = {F780E026-BA07-4769-9BE1-7E9CC9FA4B8B}
		{0BCADE58-DD80-4ABB-A193-499ABE5DF34F} = {F780E026-BA07-4769-9BE1-7E9CC9FA4B8B}
		{D773759D-23D4-4CD1-A8C1-82926EA111E1} = {282CBC54-5EFF-443F-8CF8-AD8A688576BD}
		{6ED3C257-DB41-4641-A849-07E0EAB4AEBE} = {282CBC54-5EFF-443F-8CF8-AD8A688576BD}
		{3AE16DDB-0ECB-4C73-9F8F-373274D82D3E} = {CD5F2665-2F1C-438B-A8EC-5A967516B2C9}
		{52C87DE8-C9AE-40D7-A6C9-DABB4A02B8F3} = {282CBC54-5EFF-443F-8CF8-AD8A688576BD}
		{DAEAF999-BDDC-41C4-A8A5-895F05A5D82E} = {282CBC54-5EFF-443F-8CF8-AD8A688576BD}
		{CBC73B22-177F-4C0A-87BB-E16E7FDEF1B5} = {CD5F2665-2F1C-438B-A8EC-5A967516B2C9}
		{5666EE2A-CACC-48B2-9249-82658985D3E9} = {CD5F2665-2F1C-438B-A8EC-5A967516B2C9}
		{51D5BB3D-498D-4A3D-8D92-305BE6737C97} = {F780E026-BA07-4769-9BE1-7E9CC9FA4B8B}
		{19700CFA-A478-4402-9F31-20B780AC5D26} = {4DE9AC20-F167-4B0E-8B0C-534042D26004}
		{503810E3-323C-4FCA-8F6B-39196C6DC70B} = {F780E026-BA07-4769-9BE1-7E9CC9FA4B8B}
		{AABD0907-3D03-4D96-98CF-02D779E9237B} = {9EA7C673-BDAA-4A31-9B71-2632703A21EB}
		{99AF8B33-2E00-41D9-AFDA-74D73004BEE8} = {F780E026-BA07-4769-9BE1-7E9CC9FA4B8B}
		{94AA035B-D967-4ED8-A499-989F0F7FE1C6} = {F780E026-BA07-4769-9BE1-7E9CC9FA4B8B}
		{E140D1EA-288C-41D5-B5D5-95852AF80C25} = {F780E026-BA07-4769-9BE1-7E9CC9FA4B8B}
	EndGlobalSection
	GlobalSection(ExtensibilityGlobals) = postSolution
		SolutionGuid = {2DE0E126-9EE5-44E1-BEE9-6022E44EA77E}
	EndGlobalSection
	GlobalSection(Performance) = preSolution
		HasPerformanceSessions = true
	EndGlobalSection
	GlobalSection(Performance) = preSolution
		HasPerformanceSessions = true
	EndGlobalSection
EndGlobal
